tracyger@DESKTOP-F8ENJIK:~/test-task-aton/Aton/test-aton/task5-terraform$ terraform plan

Terraform used the selected providers to generate the following execution plan. Resource actions are indicated with the following symbols:
  + create

Terraform will perform the following actions:

  # yandex_compute_instance.vm-1 will be created
  + resource "yandex_compute_instance" "vm-1" {
      + created_at                = (known after apply)
      + folder_id                 = (known after apply)
      + fqdn                      = (known after apply)
      + gpu_cluster_id            = (known after apply)
      + hardware_generation       = (known after apply)
      + hostname                  = (known after apply)
      + id                        = (known after apply)
      + maintenance_grace_period  = (known after apply)
      + maintenance_policy        = (known after apply)
      + metadata                  = {
          + "user-data" = <<-EOT
                #cloud-config
                users:
                  - name: devops
                    groups: sudo
                    shell: /bin/bash
                    sudo: 'ALL=(ALL) NOPASSWD:ALL'
                    ssh_authorized_keys:
                      - ssh-rsa AAAAB3NzaC1yc2EAAAADAQABAAABgQCve3UP7lGKj6j1Cb1oJ/Sao0XySj+DY8SmfzVkRpOVky1NnCHAOsooJHbtAawarKk5Ps5bsRecZtWwAn6T5pslLcvuZHWaX8c9juU/mMf9xxR/nlzNfFOXOrpCAC4uYyTgUGOGRN8uIp4kR8HU0lSxlfKaRmEee7uhBowY6yI5U4vW9SdCTsQ6Wj8LQ8ebQ2iqDnMa9ZBWs4IpKQWwN6/qTo6jzzA7VHKqq1AWX/wMWUpGJNOlnb0jI1wSJ2xkMUBYlPvQr9dPC/OMgYhgJ097V4zZVmwEDFUf7CTnnamUAXw75zXdh/6oW4zffvMnqrWYdJKEEFsZyzWWJJRIIazDDMYswrG/YniR66kirBLgw84OdRBeP3W2w36RRAalK7n4d+H3PLmY4IaQtvfF1D5L2cLE/Wodnc6GaCYe9Up3aSD1t+ZwnOCJarrCrHLQerVvf9at69q038VhOaqB76da+Omyu2AK39keaIldF7WK9WeMuprU3KxTEl4TBOgJksk= tracyger@DESKTOP-F8ENJIK
            EOT
        }
      + name                      = "terraform1"
      + network_acceleration_type = "standard"
      + platform_id               = "standard-v1"
      + service_account_id        = (known after apply)
      + status                    = (known after apply)
      + zone                      = "ru-central1-a"

      + boot_disk {
          + auto_delete = true
          + device_name = (known after apply)
          + disk_id     = (known after apply)
          + mode        = (known after apply)

          + initialize_params {
              + block_size  = (known after apply)
              + description = (known after apply)
              + image_id    = "fd866d9q7rcg6h4udadk"
              + name        = (known after apply)
              + size        = (known after apply)
              + snapshot_id = (known after apply)
              + type        = "network-hdd"
            }
        }

      + metadata_options (known after apply)

      + network_interface {
          + index              = (known after apply)
          + ip_address         = (known after apply)
          + ipv4               = true
          + ipv6               = (known after apply)
          + ipv6_address       = (known after apply)
          + mac_address        = (known after apply)
          + nat                = true
          + nat_ip_address     = (known after apply)
          + nat_ip_version     = (known after apply)
          + security_group_ids = (known after apply)
          + subnet_id          = (known after apply)
        }

      + placement_policy (known after apply)

      + resources {
          + core_fraction = 100
          + cores         = 2
          + memory        = 2
        }

      + scheduling_policy (known after apply)
    }

  # yandex_compute_instance.vm-2 will be created
  + resource "yandex_compute_instance" "vm-2" {
      + created_at                = (known after apply)
      + folder_id                 = (known after apply)
      + fqdn                      = (known after apply)
      + gpu_cluster_id            = (known after apply)
      + hardware_generation       = (known after apply)
      + hostname                  = (known after apply)
      + id                        = (known after apply)
      + maintenance_grace_period  = (known after apply)
      + maintenance_policy        = (known after apply)
      + metadata                  = {
          + "user-data" = <<-EOT
                #cloud-config
                users:
                  - name: devops
                    groups: sudo
                    shell: /bin/bash
                    sudo: 'ALL=(ALL) NOPASSWD:ALL'
                    ssh_authorized_keys:
                      - ssh-rsa AAAAB3NzaC1yc2EAAAADAQABAAABgQCve3UP7lGKj6j1Cb1oJ/Sao0XySj+DY8SmfzVkRpOVky1NnCHAOsooJHbtAawarKk5Ps5bsRecZtWwAn6T5pslLcvuZHWaX8c9juU/mMf9xxR/nlzNfFOXOrpCAC4uYyTgUGOGRN8uIp4kR8HU0lSxlfKaRmEee7uhBowY6yI5U4vW9SdCTsQ6Wj8LQ8ebQ2iqDnMa9ZBWs4IpKQWwN6/qTo6jzzA7VHKqq1AWX/wMWUpGJNOlnb0jI1wSJ2xkMUBYlPvQr9dPC/OMgYhgJ097V4zZVmwEDFUf7CTnnamUAXw75zXdh/6oW4zffvMnqrWYdJKEEFsZyzWWJJRIIazDDMYswrG/YniR66kirBLgw84OdRBeP3W2w36RRAalK7n4d+H3PLmY4IaQtvfF1D5L2cLE/Wodnc6GaCYe9Up3aSD1t+ZwnOCJarrCrHLQerVvf9at69q038VhOaqB76da+Omyu2AK39keaIldF7WK9WeMuprU3KxTEl4TBOgJksk= tracyger@DESKTOP-F8ENJIK
            EOT
        }
      + name                      = "terraform2"
      + network_acceleration_type = "standard"
      + platform_id               = "standard-v1"
      + service_account_id        = (known after apply)
      + status                    = (known after apply)
      + zone                      = "ru-central1-a"

      + boot_disk {
          + auto_delete = true
          + device_name = (known after apply)
          + disk_id     = (known after apply)
          + mode        = (known after apply)

          + initialize_params {
              + block_size  = (known after apply)
              + description = (known after apply)
              + image_id    = "fd866d9q7rcg6h4udadk"
              + name        = (known after apply)
              + size        = (known after apply)
              + snapshot_id = (known after apply)
              + type        = "network-hdd"
            }
        }

      + metadata_options (known after apply)

      + network_interface {
          + index              = (known after apply)
          + ip_address         = (known after apply)
          + ipv4               = true
          + ipv6               = (known after apply)
          + ipv6_address       = (known after apply)
          + mac_address        = (known after apply)
          + nat                = true
          + nat_ip_address     = (known after apply)
          + nat_ip_version     = (known after apply)
          + security_group_ids = (known after apply)
          + subnet_id          = (known after apply)
        }

      + placement_policy (known after apply)

      + resources {
          + core_fraction = 100
          + cores         = 2
          + memory        = 2
        }

      + scheduling_policy (known after apply)
    }

  # yandex_vpc_network.default will be created
  + resource "yandex_vpc_network" "default" {
      + created_at                = (known after apply)
      + default_security_group_id = (known after apply)
      + folder_id                 = (known after apply)
      + id                        = (known after apply)
      + labels                    = (known after apply)
      + name                      = "network-1"
      + subnet_ids                = (known after apply)
    }

  # yandex_vpc_subnet.default will be created
  + resource "yandex_vpc_subnet" "default" {
      + created_at     = (known after apply)
      + folder_id      = (known after apply)
      + id             = (known after apply)
      + labels         = (known after apply)
      + name           = "subnet-1"
      + network_id     = (known after apply)
      + v4_cidr_blocks = [
          + "192.168.10.0/24",
        ]
      + v6_cidr_blocks = (known after apply)
      + zone           = "ru-central1-a"
    }

Plan: 4 to add, 0 to change, 0 to destroy.

───────────────────────────────────────────────────────────────────────────────────────────────────────────────────────────────────────────────

Note: You didn't use the -out option to save this plan, so Terraform can't guarantee to take exactly these actions if you run "terraform apply"
now.